
Microsoft Visual Studio Solution File, Format Version 12.00
# Visual Studio Version 16
VisualStudioVersion = 16.0.29215.179
MinimumVisualStudioVersion = 10.0.40219.1
Project("{FAE04EC0-301F-11D3-BF4B-00C04F79EFBC}") = "PokeApp.UWP", "PokeApp\PokeApp.UWP\PokeApp.UWP.csproj", "{BD8CBC2D-4631-4484-9F76-DF7053CC649C}"
EndProject
Project("{FAE04EC0-301F-11D3-BF4B-00C04F79EFBC}") = "PokeApp.Android", "PokeApp\PokeApp.Android\PokeApp.Android.csproj", "{290AD48F-0B72-4E22-A405-7980778A88FB}"
EndProject
Project("{FAE04EC0-301F-11D3-BF4B-00C04F79EFBC}") = "PokeApp.iOS", "PokeApp\PokeApp.iOS\PokeApp.iOS.csproj", "{4BC85CBF-9E8E-4340-9316-CFC048619DDC}"
EndProject
Project("{FAE04EC0-301F-11D3-BF4B-00C04F79EFBC}") = "PokeApp", "PokeApp\PokeApp\PokeApp.csproj", "{FBB7FD97-6BDC-46FE-9876-63F067EAB06F}"
EndProject
Global
	GlobalSection(SolutionConfigurationPlatforms) = preSolution
		Debug|Any CPU = Debug|Any CPU
		Debug|ARM = Debug|ARM
		Debug|iPhone = Debug|iPhone
		Debug|iPhoneSimulator = Debug|iPhoneSimulator
		Debug|x64 = Debug|x64
		Debug|x86 = Debug|x86
		Release|Any CPU = Release|Any CPU
		Release|ARM = Release|ARM
		Release|iPhone = Release|iPhone
		Release|iPhoneSimulator = Release|iPhoneSimulator
		Release|x64 = Release|x64
		Release|x86 = Release|x86
	EndGlobalSection
	GlobalSection(ProjectConfigurationPlatforms) = postSolution
		{BD8CBC2D-4631-4484-9F76-DF7053CC649C}.Debug|Any CPU.ActiveCfg = Debug|x86
		{BD8CBC2D-4631-4484-9F76-DF7053CC649C}.Debug|Any CPU.Build.0 = Debug|x86
		{BD8CBC2D-4631-4484-9F76-DF7053CC649C}.Debug|Any CPU.Deploy.0 = Debug|x86
		{BD8CBC2D-4631-4484-9F76-DF7053CC649C}.Debug|ARM.ActiveCfg = Debug|ARM
		{BD8CBC2D-4631-4484-9F76-DF7053CC649C}.Debug|ARM.Build.0 = Debug|ARM
		{BD8CBC2D-4631-4484-9F76-DF7053CC649C}.Debug|ARM.Deploy.0 = Debug|ARM
		{BD8CBC2D-4631-4484-9F76-DF7053CC649C}.Debug|iPhone.ActiveCfg = Debug|x86
		{BD8CBC2D-4631-4484-9F76-DF7053CC649C}.Debug|iPhone.Build.0 = Debug|x86
		{BD8CBC2D-4631-4484-9F76-DF7053CC649C}.Debug|iPhone.Deploy.0 = Debug|x86
		{BD8CBC2D-4631-4484-9F76-DF7053CC649C}.Debug|iPhoneSimulator.ActiveCfg = Debug|x86
		{BD8CBC2D-4631-4484-9F76-DF7053CC649C}.Debug|iPhoneSimulator.Build.0 = Debug|x86
		{BD8CBC2D-4631-4484-9F76-DF7053CC649C}.Debug|iPhoneSimulator.Deploy.0 = Debug|x86
		{BD8CBC2D-4631-4484-9F76-DF7053CC649C}.Debug|x64.ActiveCfg = Debug|x64
		{BD8CBC2D-4631-4484-9F76-DF7053CC649C}.Debug|x64.Build.0 = Debug|x64
		{BD8CBC2D-4631-4484-9F76-DF7053CC649C}.Debug|x64.Deploy.0 = Debug|x64
		{BD8CBC2D-4631-4484-9F76-DF7053CC649C}.Debug|x86.ActiveCfg = Debug|x86
		{BD8CBC2D-4631-4484-9F76-DF7053CC649C}.Debug|x86.Build.0 = Debug|x86
		{BD8CBC2D-4631-4484-9F76-DF7053CC649C}.Debug|x86.Deploy.0 = Debug|x86
		{BD8CBC2D-4631-4484-9F76-DF7053CC649C}.Release|Any CPU.ActiveCfg = Release|x86
		{BD8CBC2D-4631-4484-9F76-DF7053CC649C}.Release|Any CPU.Build.0 = Release|x86
		{BD8CBC2D-4631-4484-9F76-DF7053CC649C}.Release|Any CPU.Deploy.0 = Release|x86
		{BD8CBC2D-4631-4484-9F76-DF7053CC649C}.Release|ARM.ActiveCfg = Release|ARM
		{BD8CBC2D-4631-4484-9F76-DF7053CC649C}.Release|ARM.Build.0 = Release|ARM
		{BD8CBC2D-4631-4484-9F76-DF7053CC649C}.Release|ARM.Deploy.0 = Release|ARM
		{BD8CBC2D-4631-4484-9F76-DF7053CC649C}.Release|iPhone.ActiveCfg = Release|x86
		{BD8CBC2D-4631-4484-9F76-DF7053CC649C}.Release|iPhone.Build.0 = Release|x86
		{BD8CBC2D-4631-4484-9F76-DF7053CC649C}.Release|iPhone.Deploy.0 = Release|x86
		{BD8CBC2D-4631-4484-9F76-DF7053CC649C}.Release|iPhoneSimulator.ActiveCfg = Release|x86
		{BD8CBC2D-4631-4484-9F76-DF7053CC649C}.Release|iPhoneSimulator.Build.0 = Release|x86
		{BD8CBC2D-4631-4484-9F76-DF7053CC649C}.Release|iPhoneSimulator.Deploy.0 = Release|x86
		{BD8CBC2D-4631-4484-9F76-DF7053CC649C}.Release|x64.ActiveCfg = Release|x64
		{BD8CBC2D-4631-4484-9F76-DF7053CC649C}.Release|x64.Build.0 = Release|x64
		{BD8CBC2D-4631-4484-9F76-DF7053CC649C}.Release|x64.Deploy.0 = Release|x64
		{BD8CBC2D-4631-4484-9F76-DF7053CC649C}.Release|x86.ActiveCfg = Release|x86
		{BD8CBC2D-4631-4484-9F76-DF7053CC649C}.Release|x86.Build.0 = Release|x86
		{BD8CBC2D-4631-4484-9F76-DF7053CC649C}.Release|x86.Deploy.0 = Release|x86
		{290AD48F-0B72-4E22-A405-7980778A88FB}.Debug|Any CPU.ActiveCfg = Debug|Any CPU
		{290AD48F-0B72-4E22-A405-7980778A88FB}.Debug|Any CPU.Build.0 = Debug|Any CPU
		{290AD48F-0B72-4E22-A405-7980778A88FB}.Debug|Any CPU.Deploy.0 = Debug|Any CPU
		{290AD48F-0B72-4E22-A405-7980778A88FB}.Debug|ARM.ActiveCfg = Debug|Any CPU
		{290AD48F-0B72-4E22-A405-7980778A88FB}.Debug|ARM.Build.0 = Debug|Any CPU
		{290AD48F-0B72-4E22-A405-7980778A88FB}.Debug|ARM.Deploy.0 = Debug|Any CPU
		{290AD48F-0B72-4E22-A405-7980778A88FB}.Debug|iPhone.ActiveCfg = Debug|Any CPU
		{290AD48F-0B72-4E22-A405-7980778A88FB}.Debug|iPhone.Build.0 = Debug|Any CPU
		{290AD48F-0B72-4E22-A405-7980778A88FB}.Debug|iPhone.Deploy.0 = Debug|Any CPU
		{290AD48F-0B72-4E22-A405-7980778A88FB}.Debug|iPhoneSimulator.ActiveCfg = Debug|Any CPU
		{290AD48F-0B72-4E22-A405-7980778A88FB}.Debug|iPhoneSimulator.Build.0 = Debug|Any CPU
		{290AD48F-0B72-4E22-A405-7980778A88FB}.Debug|iPhoneSimulator.Deploy.0 = Debug|Any CPU
		{290AD48F-0B72-4E22-A405-7980778A88FB}.Debug|x64.ActiveCfg = Debug|Any CPU
		{290AD48F-0B72-4E22-A405-7980778A88FB}.Debug|x64.Build.0 = Debug|Any CPU
		{290AD48F-0B72-4E22-A405-7980778A88FB}.Debug|x64.Deploy.0 = Debug|Any CPU
		{290AD48F-0B72-4E22-A405-7980778A88FB}.Debug|x86.ActiveCfg = Debug|Any CPU
		{290AD48F-0B72-4E22-A405-7980778A88FB}.Debug|x86.Build.0 = Debug|Any CPU
		{290AD48F-0B72-4E22-A405-7980778A88FB}.Debug|x86.Deploy.0 = Debug|Any CPU
		{290AD48F-0B72-4E22-A405-7980778A88FB}.Release|Any CPU.ActiveCfg = Release|Any CPU
		{290AD48F-0B72-4E22-A405-7980778A88FB}.Release|Any CPU.Build.0 = Release|Any CPU
		{290AD48F-0B72-4E22-A405-7980778A88FB}.Release|Any CPU.Deploy.0 = Release|Any CPU
		{290AD48F-0B72-4E22-A405-7980778A88FB}.Release|ARM.ActiveCfg = Release|Any CPU
		{290AD48F-0B72-4E22-A405-7980778A88FB}.Release|ARM.Build.0 = Release|Any CPU
		{290AD48F-0B72-4E22-A405-7980778A88FB}.Release|ARM.Deploy.0 = Release|Any CPU
		{290AD48F-0B72-4E22-A405-7980778A88FB}.Release|iPhone.ActiveCfg = Release|Any CPU
		{290AD48F-0B72-4E22-A405-7980778A88FB}.Release|iPhone.Build.0 = Release|Any CPU
		{290AD48F-0B72-4E22-A405-7980778A88FB}.Release|iPhone.Deploy.0 = Release|Any CPU
		{290AD48F-0B72-4E22-A405-7980778A88FB}.Release|iPhoneSimulator.ActiveCfg = Release|Any CPU
		{290AD48F-0B72-4E22-A405-7980778A88FB}.Release|iPhoneSimulator.Build.0 = Release|Any CPU
		{290AD48F-0B72-4E22-A405-7980778A88FB}.Release|iPhoneSimulator.Deploy.0 = Release|Any CPU
		{290AD48F-0B72-4E22-A405-7980778A88FB}.Release|x64.ActiveCfg = Release|Any CPU
		{290AD48F-0B72-4E22-A405-7980778A88FB}.Release|x64.Build.0 = Release|Any CPU
		{290AD48F-0B72-4E22-A405-7980778A88FB}.Release|x64.Deploy.0 = Release|Any CPU
		{290AD48F-0B72-4E22-A405-7980778A88FB}.Release|x86.ActiveCfg = Release|Any CPU
		{290AD48F-0B72-4E22-A405-7980778A88FB}.Release|x86.Build.0 = Release|Any CPU
		{290AD48F-0B72-4E22-A405-7980778A88FB}.Release|x86.Deploy.0 = Release|Any CPU
		{4BC85CBF-9E8E-4340-9316-CFC048619DDC}.Debug|Any CPU.ActiveCfg = Debug|iPhone
		{4BC85CBF-9E8E-4340-9316-CFC048619DDC}.Debug|Any CPU.Build.0 = Debug|iPhone
		{4BC85CBF-9E8E-4340-9316-CFC048619DDC}.Debug|Any CPU.Deploy.0 = Debug|iPhone
		{4BC85CBF-9E8E-4340-9316-CFC048619DDC}.Debug|ARM.ActiveCfg = Debug|iPhoneSimulator
		{4BC85CBF-9E8E-4340-9316-CFC048619DDC}.Debug|ARM.Build.0 = Debug|iPhoneSimulator
		{4BC85CBF-9E8E-4340-9316-CFC048619DDC}.Debug|ARM.Deploy.0 = Debug|iPhoneSimulator
		{4BC85CBF-9E8E-4340-9316-CFC048619DDC}.Debug|iPhone.ActiveCfg = Debug|iPhone
		{4BC85CBF-9E8E-4340-9316-CFC048619DDC}.Debug|iPhone.Build.0 = Debug|iPhone
		{4BC85CBF-9E8E-4340-9316-CFC048619DDC}.Debug|iPhone.Deploy.0 = Debug|iPhone
		{4BC85CBF-9E8E-4340-9316-CFC048619DDC}.Debug|iPhoneSimulator.ActiveCfg = Debug|iPhoneSimulator
		{4BC85CBF-9E8E-4340-9316-CFC048619DDC}.Debug|iPhoneSimulator.Build.0 = Debug|iPhoneSimulator
		{4BC85CBF-9E8E-4340-9316-CFC048619DDC}.Debug|iPhoneSimulator.Deploy.0 = Debug|iPhoneSimulator
		{4BC85CBF-9E8E-4340-9316-CFC048619DDC}.Debug|x64.ActiveCfg = Debug|iPhone
		{4BC85CBF-9E8E-4340-9316-CFC048619DDC}.Debug|x64.Build.0 = Debug|iPhone
		{4BC85CBF-9E8E-4340-9316-CFC048619DDC}.Debug|x64.Deploy.0 = Debug|iPhone
		{4BC85CBF-9E8E-4340-9316-CFC048619DDC}.Debug|x86.ActiveCfg = Debug|iPhone
		{4BC85CBF-9E8E-4340-9316-CFC048619DDC}.Debug|x86.Build.0 = Debug|iPhone
		{4BC85CBF-9E8E-4340-9316-CFC048619DDC}.Debug|x86.Deploy.0 = Debug|iPhone
		{4BC85CBF-9E8E-4340-9316-CFC048619DDC}.Release|Any CPU.ActiveCfg = Release|iPhone
		{4BC85CBF-9E8E-4340-9316-CFC048619DDC}.Release|Any CPU.Build.0 = Release|iPhone
		{4BC85CBF-9E8E-4340-9316-CFC048619DDC}.Release|Any CPU.Deploy.0 = Release|iPhone
		{4BC85CBF-9E8E-4340-9316-CFC048619DDC}.Release|ARM.ActiveCfg = Release|iPhone
		{4BC85CBF-9E8E-4340-9316-CFC048619DDC}.Release|ARM.Build.0 = Release|iPhone
		{4BC85CBF-9E8E-4340-9316-CFC048619DDC}.Release|ARM.Deploy.0 = Release|iPhone
		{4BC85CBF-9E8E-4340-9316-CFC048619DDC}.Release|iPhone.ActiveCfg = Release|iPhone
		{4BC85CBF-9E8E-4340-9316-CFC048619DDC}.Release|iPhone.Build.0 = Release|iPhone
		{4BC85CBF-9E8E-4340-9316-CFC048619DDC}.Release|iPhone.Deploy.0 = Release|iPhone
		{4BC85CBF-9E8E-4340-9316-CFC048619DDC}.Release|iPhoneSimulator.ActiveCfg = Release|iPhoneSimulator
		{4BC85CBF-9E8E-4340-9316-CFC048619DDC}.Release|iPhoneSimulator.Build.0 = Release|iPhoneSimulator
		{4BC85CBF-9E8E-4340-9316-CFC048619DDC}.Release|iPhoneSimulator.Deploy.0 = Release|iPhoneSimulator
		{4BC85CBF-9E8E-4340-9316-CFC048619DDC}.Release|x64.ActiveCfg = Release|iPhone
		{4BC85CBF-9E8E-4340-9316-CFC048619DDC}.Release|x64.Build.0 = Release|iPhone
		{4BC85CBF-9E8E-4340-9316-CFC048619DDC}.Release|x64.Deploy.0 = Release|iPhone
		{4BC85CBF-9E8E-4340-9316-CFC048619DDC}.Release|x86.ActiveCfg = Release|iPhone
		{4BC85CBF-9E8E-4340-9316-CFC048619DDC}.Release|x86.Build.0 = Release|iPhone
		{4BC85CBF-9E8E-4340-9316-CFC048619DDC}.Release|x86.Deploy.0 = Release|iPhone
		{FBB7FD97-6BDC-46FE-9876-63F067EAB06F}.Debug|Any CPU.ActiveCfg = Debug|Any CPU
		{FBB7FD97-6BDC-46FE-9876-63F067EAB06F}.Debug|Any CPU.Build.0 = Debug|Any CPU
		{FBB7FD97-6BDC-46FE-9876-63F067EAB06F}.Debug|Any CPU.Deploy.0 = Debug|Any CPU
		{FBB7FD97-6BDC-46FE-9876-63F067EAB06F}.Debug|ARM.ActiveCfg = Debug|Any CPU
		{FBB7FD97-6BDC-46FE-9876-63F067EAB06F}.Debug|ARM.Build.0 = Debug|Any CPU
		{FBB7FD97-6BDC-46FE-9876-63F067EAB06F}.Debug|ARM.Deploy.0 = Debug|Any CPU
		{FBB7FD97-6BDC-46FE-9876-63F067EAB06F}.Debug|iPhone.ActiveCfg = Debug|Any CPU
		{FBB7FD97-6BDC-46FE-9876-63F067EAB06F}.Debug|iPhone.Build.0 = Debug|Any CPU
		{FBB7FD97-6BDC-46FE-9876-63F067EAB06F}.Debug|iPhone.Deploy.0 = Debug|Any CPU
		{FBB7FD97-6BDC-46FE-9876-63F067EAB06F}.Debug|iPhoneSimulator.ActiveCfg = Debug|Any CPU
		{FBB7FD97-6BDC-46FE-9876-63F067EAB06F}.Debug|iPhoneSimulator.Build.0 = Debug|Any CPU
		{FBB7FD97-6BDC-46FE-9876-63F067EAB06F}.Debug|iPhoneSimulator.Deploy.0 = Debug|Any CPU
		{FBB7FD97-6BDC-46FE-9876-63F067EAB06F}.Debug|x64.ActiveCfg = Debug|Any CPU
		{FBB7FD97-6BDC-46FE-9876-63F067EAB06F}.Debug|x64.Build.0 = Debug|Any CPU
		{FBB7FD97-6BDC-46FE-9876-63F067EAB06F}.Debug|x64.Deploy.0 = Debug|Any CPU
		{FBB7FD97-6BDC-46FE-9876-63F067EAB06F}.Debug|x86.ActiveCfg = Debug|Any CPU
		{FBB7FD97-6BDC-46FE-9876-63F067EAB06F}.Debug|x86.Build.0 = Debug|Any CPU
		{FBB7FD97-6BDC-46FE-9876-63F067EAB06F}.Debug|x86.Deploy.0 = Debug|Any CPU
		{FBB7FD97-6BDC-46FE-9876-63F067EAB06F}.Release|Any CPU.ActiveCfg = Release|Any CPU
		{FBB7FD97-6BDC-46FE-9876-63F067EAB06F}.Release|Any CPU.Build.0 = Release|Any CPU
		{FBB7FD97-6BDC-46FE-9876-63F067EAB06F}.Release|Any CPU.Deploy.0 = Release|Any CPU
		{FBB7FD97-6BDC-46FE-9876-63F067EAB06F}.Release|ARM.ActiveCfg = Release|Any CPU
		{FBB7FD97-6BDC-46FE-9876-63F067EAB06F}.Release|ARM.Build.0 = Release|Any CPU
		{FBB7FD97-6BDC-46FE-9876-63F067EAB06F}.Release|ARM.Deploy.0 = Release|Any CPU
		{FBB7FD97-6BDC-46FE-9876-63F067EAB06F}.Release|iPhone.ActiveCfg = Release|Any CPU
		{FBB7FD97-6BDC-46FE-9876-63F067EAB06F}.Release|iPhone.Build.0 = Release|Any CPU
		{FBB7FD97-6BDC-46FE-9876-63F067EAB06F}.Release|iPhone.Deploy.0 = Release|Any CPU
		{FBB7FD97-6BDC-46FE-9876-63F067EAB06F}.Release|iPhoneSimulator.ActiveCfg = Release|Any CPU
		{FBB7FD97-6BDC-46FE-9876-63F067EAB06F}.Release|iPhoneSimulator.Build.0 = Release|Any CPU
		{FBB7FD97-6BDC-46FE-9876-63F067EAB06F}.Release|iPhoneSimulator.Deploy.0 = Release|Any CPU
		{FBB7FD97-6BDC-46FE-9876-63F067EAB06F}.Release|x64.ActiveCfg = Release|Any CPU
		{FBB7FD97-6BDC-46FE-9876-63F067EAB06F}.Release|x64.Build.0 = Release|Any CPU
		{FBB7FD97-6BDC-46FE-9876-63F067EAB06F}.Release|x64.Deploy.0 = Release|Any CPU
		{FBB7FD97-6BDC-46FE-9876-63F067EAB06F}.Release|x86.ActiveCfg = Release|Any CPU
		{FBB7FD97-6BDC-46FE-9876-63F067EAB06F}.Release|x86.Build.0 = Release|Any CPU
		{FBB7FD97-6BDC-46FE-9876-63F067EAB06F}.Release|x86.Deploy.0 = Release|Any CPU
	EndGlobalSection
	GlobalSection(SolutionProperties) = preSolution
		HideSolutionNode = FALSE
	EndGlobalSection
	GlobalSection(ExtensibilityGlobals) = postSolution
		SolutionGuid = {7C2CB3E0-342D-427A-A36F-EB69C7E85CDE}
	EndGlobalSection
EndGlobal
